{
  "requires": true,
  "lockfileVersion": 1,
  "dependencies": {
    "@angular-material-extensions/password-strength": {
      "version": "7.0.0",
      "resolved": "https://registry.npmjs.org/@angular-material-extensions/password-strength/-/password-strength-7.0.0.tgz",
      "integrity": "sha512-lHIHuhxo4PadnfPQdTC50ehlFuzEIaenWhSkN/tMTL1FVAh+8GB0QspyLmL7pqGLpMpS1NidE5v1aidbLmO/VQ==",
      "requires": {
        "tslib": "^2.0.0"
      }
    },
    "angular-ng-autocomplete": {
      "version": "2.0.1",
      "resolved": "https://registry.npmjs.org/angular-ng-autocomplete/-/angular-ng-autocomplete-2.0.1.tgz",
      "integrity": "sha512-IlKrUeMM6V0/ipnlXF5WluiWmav7eiIlZWtEoch6eXUGylYCHGNdwRO4Kb2snMQuY/6Kv6tDbRFT51Tihd3JwQ=="
    },
    "tslib": {
      "version": "2.0.1",
      "resolved": "https://registry.npmjs.org/tslib/-/tslib-2.0.1.tgz",
      "integrity": "sha512-SgIkNheinmEBgx1IUNirK0TUD4X9yjjBRTqqjggWCU3pUEqIk3/Uwl3yRixYKT6WjQuGiwDv4NomL3wqRCj+CQ=="
    }
  }
}
